
Microsoft Visual Studio Solution File, Format Version 12.00
# Visual Studio 15
VisualStudioVersion = 15.0.28307.705
MinimumVisualStudioVersion = 10.0.40219.1
Project("{FAE04EC0-301F-11D3-BF4B-00C04F79EFBC}") = "GridTest", "GridTest\GridTest.csproj", "{48C413AA-9C6B-40BF-8FCE-BC47DA71B0AF}"
EndProject
Global
	GlobalSection(SolutionConfigurationPlatforms) = preSolution
		Debug|Any CPU = Debug|Any CPU
		Release|Any CPU = Release|Any CPU
	EndGlobalSection
	GlobalSection(ProjectConfigurationPlatforms) = postSolution
		{48C413AA-9C6B-40BF-8FCE-BC47DA71B0AF}.Debug|Any CPU.ActiveCfg = Debug|Any CPU
		{48C413AA-9C6B-40BF-8FCE-BC47DA71B0AF}.Debug|Any CPU.Build.0 = Debug|Any CPU
		{48C413AA-9C6B-40BF-8FCE-BC47DA71B0AF}.Release|Any CPU.ActiveCfg = Release|Any CPU
		{48C413AA-9C6B-40BF-8FCE-BC47DA71B0AF}.Release|Any CPU.Build.0 = Release|Any CPU
	EndGlobalSection
	GlobalSection(SolutionProperties) = preSolution
		HideSolutionNode = FALSE
	EndGlobalSection
	GlobalSection(ExtensibilityGlobals) = postSolution
		SolutionGuid = {6F48D618-65F9-47D9-929A-0B0982903F37}
	EndGlobalSection
EndGlobal
